
Microsoft Visual Studio Solution File, Format Version 12.00
# Visual Studio 14
VisualStudioVersion = 14.0.25123.0
MinimumVisualStudioVersion = 10.0.40219.1
Project("{FAE04EC0-301F-11D3-BF4B-00C04F79EFBC}") = "PM3", "PM3\PM3.csproj", "{A64D7B2F-924B-4983-B942-275E9912B110}"
EndProject
Project("{FAE04EC0-301F-11D3-BF4B-00C04F79EFBC}") = "PM3.Tests", "PM3.Tests\PM3.Tests.csproj", "{EAA523F9-7C80-4992-B495-C06B1A8AA5D2}"
EndProject
Project("{FAE04EC0-301F-11D3-BF4B-00C04F79EFBC}") = "PM3.Model", "PM3.Model\PM3.Model.csproj", "{0E6D5462-C341-4EB0-88AD-F6F6B4A42E04}"
EndProject
Global
	GlobalSection(SolutionConfigurationPlatforms) = preSolution
		Debug|Any CPU = Debug|Any CPU
		Release|Any CPU = Release|Any CPU
	EndGlobalSection
	GlobalSection(ProjectConfigurationPlatforms) = postSolution
		{A64D7B2F-924B-4983-B942-275E9912B110}.Debug|Any CPU.ActiveCfg = Debug|Any CPU
		{A64D7B2F-924B-4983-B942-275E9912B110}.Debug|Any CPU.Build.0 = Debug|Any CPU
		{A64D7B2F-924B-4983-B942-275E9912B110}.Release|Any CPU.ActiveCfg = Release|Any CPU
		{A64D7B2F-924B-4983-B942-275E9912B110}.Release|Any CPU.Build.0 = Release|Any CPU
		{EAA523F9-7C80-4992-B495-C06B1A8AA5D2}.Debug|Any CPU.ActiveCfg = Debug|Any CPU
		{EAA523F9-7C80-4992-B495-C06B1A8AA5D2}.Debug|Any CPU.Build.0 = Debug|Any CPU
		{EAA523F9-7C80-4992-B495-C06B1A8AA5D2}.Release|Any CPU.ActiveCfg = Release|Any CPU
		{EAA523F9-7C80-4992-B495-C06B1A8AA5D2}.Release|Any CPU.Build.0 = Release|Any CPU
		{0E6D5462-C341-4EB0-88AD-F6F6B4A42E04}.Debug|Any CPU.ActiveCfg = Debug|Any CPU
		{0E6D5462-C341-4EB0-88AD-F6F6B4A42E04}.Debug|Any CPU.Build.0 = Debug|Any CPU
		{0E6D5462-C341-4EB0-88AD-F6F6B4A42E04}.Release|Any CPU.ActiveCfg = Release|Any CPU
		{0E6D5462-C341-4EB0-88AD-F6F6B4A42E04}.Release|Any CPU.Build.0 = Release|Any CPU
	EndGlobalSection
	GlobalSection(SolutionProperties) = preSolution
		HideSolutionNode = FALSE
	EndGlobalSection
EndGlobal
