
Microsoft Visual Studio Solution File, Format Version 12.00
# Visual Studio 14
VisualStudioVersion = 14.0.25123.0
MinimumVisualStudioVersion = 10.0.40219.1
Project("{FAE04EC0-301F-11D3-BF4B-00C04F79EFBC}") = "PM3", "PM3\PM3.csproj", "{A64D7B2F-924B-4983-B942-275E9912B110}"
EndProject
Project("{FAE04EC0-301F-11D3-BF4B-00C04F79EFBC}") = "PM3.Tests", "PM3.Tests\PM3.Tests.csproj", "{EAA523F9-7C80-4992-B495-C06B1A8AA5D2}"
EndProject
Project("{FAE04EC0-301F-11D3-BF4B-00C04F79EFBC}") = "PM3.Model", "PM3.Model\PM3.Model.csproj", "{0E6D5462-C341-4EB0-88AD-F6F6B4A42E04}"
EndProject
Project("{FAE04EC0-301F-11D3-BF4B-00C04F79EFBC}") = "PM3.Data", "PM3.Data\PM3.Data.csproj", "{FBA4A9AE-6D3F-43B9-AA90-4BDD462C2384}"
EndProject
Project("{FAE04EC0-301F-11D3-BF4B-00C04F79EFBC}") = "PM3.TestConsole", "PM3.TestConsole\PM3.TestConsole.csproj", "{89BD3E24-35E4-4462-A2E6-8FC7B11DB23F}"
EndProject
Project("{FAE04EC0-301F-11D3-BF4B-00C04F79EFBC}") = "PM3.Service", "PM3.Service\PM3.Service.csproj", "{6862A146-4634-4CB8-BDDB-FBD8AD184E40}"
EndProject
Project("{FAE04EC0-301F-11D3-BF4B-00C04F79EFBC}") = "PM3.Web", "PM3.Web\PM3.Web.csproj", "{C1296331-63A2-4F93-91CC-1F430727E01E}"
EndProject
Global
	GlobalSection(SolutionConfigurationPlatforms) = preSolution
		Debug|Any CPU = Debug|Any CPU
		Release|Any CPU = Release|Any CPU
	EndGlobalSection
	GlobalSection(ProjectConfigurationPlatforms) = postSolution
		{A64D7B2F-924B-4983-B942-275E9912B110}.Debug|Any CPU.ActiveCfg = Debug|Any CPU
		{A64D7B2F-924B-4983-B942-275E9912B110}.Debug|Any CPU.Build.0 = Debug|Any CPU
		{A64D7B2F-924B-4983-B942-275E9912B110}.Release|Any CPU.ActiveCfg = Release|Any CPU
		{A64D7B2F-924B-4983-B942-275E9912B110}.Release|Any CPU.Build.0 = Release|Any CPU
		{EAA523F9-7C80-4992-B495-C06B1A8AA5D2}.Debug|Any CPU.ActiveCfg = Debug|Any CPU
		{EAA523F9-7C80-4992-B495-C06B1A8AA5D2}.Debug|Any CPU.Build.0 = Debug|Any CPU
		{EAA523F9-7C80-4992-B495-C06B1A8AA5D2}.Release|Any CPU.ActiveCfg = Release|Any CPU
		{EAA523F9-7C80-4992-B495-C06B1A8AA5D2}.Release|Any CPU.Build.0 = Release|Any CPU
		{0E6D5462-C341-4EB0-88AD-F6F6B4A42E04}.Debug|Any CPU.ActiveCfg = Debug|Any CPU
		{0E6D5462-C341-4EB0-88AD-F6F6B4A42E04}.Debug|Any CPU.Build.0 = Debug|Any CPU
		{0E6D5462-C341-4EB0-88AD-F6F6B4A42E04}.Release|Any CPU.ActiveCfg = Release|Any CPU
		{0E6D5462-C341-4EB0-88AD-F6F6B4A42E04}.Release|Any CPU.Build.0 = Release|Any CPU
		{FBA4A9AE-6D3F-43B9-AA90-4BDD462C2384}.Debug|Any CPU.ActiveCfg = Debug|Any CPU
		{FBA4A9AE-6D3F-43B9-AA90-4BDD462C2384}.Debug|Any CPU.Build.0 = Debug|Any CPU
		{FBA4A9AE-6D3F-43B9-AA90-4BDD462C2384}.Release|Any CPU.ActiveCfg = Release|Any CPU
		{FBA4A9AE-6D3F-43B9-AA90-4BDD462C2384}.Release|Any CPU.Build.0 = Release|Any CPU
		{89BD3E24-35E4-4462-A2E6-8FC7B11DB23F}.Debug|Any CPU.ActiveCfg = Debug|Any CPU
		{89BD3E24-35E4-4462-A2E6-8FC7B11DB23F}.Debug|Any CPU.Build.0 = Debug|Any CPU
		{89BD3E24-35E4-4462-A2E6-8FC7B11DB23F}.Release|Any CPU.ActiveCfg = Release|Any CPU
		{89BD3E24-35E4-4462-A2E6-8FC7B11DB23F}.Release|Any CPU.Build.0 = Release|Any CPU
		{6862A146-4634-4CB8-BDDB-FBD8AD184E40}.Debug|Any CPU.ActiveCfg = Debug|Any CPU
		{6862A146-4634-4CB8-BDDB-FBD8AD184E40}.Debug|Any CPU.Build.0 = Debug|Any CPU
		{6862A146-4634-4CB8-BDDB-FBD8AD184E40}.Release|Any CPU.ActiveCfg = Release|Any CPU
		{6862A146-4634-4CB8-BDDB-FBD8AD184E40}.Release|Any CPU.Build.0 = Release|Any CPU
		{C1296331-63A2-4F93-91CC-1F430727E01E}.Debug|Any CPU.ActiveCfg = Debug|Any CPU
		{C1296331-63A2-4F93-91CC-1F430727E01E}.Debug|Any CPU.Build.0 = Debug|Any CPU
		{C1296331-63A2-4F93-91CC-1F430727E01E}.Release|Any CPU.ActiveCfg = Release|Any CPU
		{C1296331-63A2-4F93-91CC-1F430727E01E}.Release|Any CPU.Build.0 = Release|Any CPU
	EndGlobalSection
	GlobalSection(SolutionProperties) = preSolution
		HideSolutionNode = FALSE
	EndGlobalSection
EndGlobal
